// !$*UTF8*$!
{
	archiveVersion = 1;
	classes = {
	};
	objectVersion = 56;
	objects = {

/* Begin PBXBuildFile section */
		781A2D712E0D9328009C3EEC /* NumberOfSetsViewController.swift in Sources */ = {isa = PBXBuildFile; fileRef = 781A2D702E0D9328009C3EEC /* NumberOfSetsViewController.swift */; };
		781A2D732E0D9342009C3EEC /* SetDurationViewController.swift in Sources */ = {isa = PBXBuildFile; fileRef = 781A2D722E0D9342009C3EEC /* SetDurationViewController.swift */; };
		781A2D752E0D94D3009C3EEC /* PauseDurationViewController.swift in Sources */ = {isa = PBXBuildFile; fileRef = 781A2D742E0D94D3009C3EEC /* PauseDurationViewController.swift */; };
		781A2D772E0D9505009C3EEC /* SimpleSetPauseTimerViewController.swift in Sources */ = {isa = PBXBuildFile; fileRef = 781A2D762E0D9505009C3EEC /* SimpleSetPauseTimerViewController.swift */; };
		788919E62E0748CF00A71A0B /* AppDelegate.swift in Sources */ = {isa = PBXBuildFile; fileRef = 788919E52E0748CF00A71A0B /* AppDelegate.swift */; };
		788919E82E0748CF00A71A0B /* SceneDelegate.swift in Sources */ = {isa = PBXBuildFile; fileRef = 788919E72E0748CF00A71A0B /* SceneDelegate.swift */; };
		788919EA2E0748CF00A71A0B /* HomeViewController.swift in Sources */ = {isa = PBXBuildFile; fileRef = 788919E92E0748CF00A71A0B /* HomeViewController.swift */; };
		788919EF2E0748DD00A71A0B /* Assets.xcassets in Resources */ = {isa = PBXBuildFile; fileRef = 788919EE2E0748DD00A71A0B /* Assets.xcassets */; };
		788919F22E0748DD00A71A0B /* LaunchScreen.storyboard in Resources */ = {isa = PBXBuildFile; fileRef = 788919F02E0748DD00A71A0B /* LaunchScreen.storyboard */; };
		788919FA2E0749FA00A71A0B /* SimpleTimerViewController.swift in Sources */ = {isa = PBXBuildFile; fileRef = 788919F92E0749FA00A71A0B /* SimpleTimerViewController.swift */; };
/* End PBXBuildFile section */

/* Begin PBXFileReference section */
		781A2D702E0D9328009C3EEC /* NumberOfSetsViewController.swift */ = {isa = PBXFileReference; lastKnownFileType = sourcecode.swift; path = NumberOfSetsViewController.swift; sourceTree = "<group>"; };
		781A2D722E0D9342009C3EEC /* SetDurationViewController.swift */ = {isa = PBXFileReference; lastKnownFileType = sourcecode.swift; path = SetDurationViewController.swift; sourceTree = "<group>"; };
		781A2D742E0D94D3009C3EEC /* PauseDurationViewController.swift */ = {isa = PBXFileReference; lastKnownFileType = sourcecode.swift; path = PauseDurationViewController.swift; sourceTree = "<group>"; };
		781A2D762E0D9505009C3EEC /* SimpleSetPauseTimerViewController.swift */ = {isa = PBXFileReference; lastKnownFileType = sourcecode.swift; path = SimpleSetPauseTimerViewController.swift; sourceTree = "<group>"; };
		788919E22E0748CF00A71A0B /* TrainTime.app */ = {isa = PBXFileReference; explicitFileType = wrapper.application; includeInIndex = 0; path = TrainTime.app; sourceTree = BUILT_PRODUCTS_DIR; };
		788919E52E0748CF00A71A0B /* AppDelegate.swift */ = {isa = PBXFileReference; lastKnownFileType = sourcecode.swift; path = AppDelegate.swift; sourceTree = "<group>"; };
		788919E72E0748CF00A71A0B /* SceneDelegate.swift */ = {isa = PBXFileReference; lastKnownFileType = sourcecode.swift; path = SceneDelegate.swift; sourceTree = "<group>"; };
		788919E92E0748CF00A71A0B /* HomeViewController.swift */ = {isa = PBXFileReference; lastKnownFileType = sourcecode.swift; path = HomeViewController.swift; sourceTree = "<group>"; };
		788919EE2E0748DD00A71A0B /* Assets.xcassets */ = {isa = PBXFileReference; lastKnownFileType = folder.assetcatalog; path = Assets.xcassets; sourceTree = "<group>"; };
		788919F12E0748DD00A71A0B /* Base */ = {isa = PBXFileReference; lastKnownFileType = file.storyboard; name = Base; path = Base.lproj/LaunchScreen.storyboard; sourceTree = "<group>"; };
		788919F32E0748DD00A71A0B /* Info.plist */ = {isa = PBXFileReference; lastKnownFileType = text.plist.xml; path = Info.plist; sourceTree = "<group>"; };
		788919F92E0749FA00A71A0B /* SimpleTimerViewController.swift */ = {isa = PBXFileReference; lastKnownFileType = sourcecode.swift; path = SimpleTimerViewController.swift; sourceTree = "<group>"; };
/* End PBXFileReference section */

/* Begin PBXFrameworksBuildPhase section */
		788919DF2E0748CF00A71A0B /* Frameworks */ = {
			isa = PBXFrameworksBuildPhase;
			buildActionMask = 2147483647;
			files = (
			);
			runOnlyForDeploymentPostprocessing = 0;
		};
/* End PBXFrameworksBuildPhase section */

/* Begin PBXGroup section */
		788919D92E0748CE00A71A0B = {
			isa = PBXGroup;
			children = (
				788919E42E0748CF00A71A0B /* TrainTime */,
				788919E32E0748CF00A71A0B /* Products */,
			);
			sourceTree = "<group>";
		};
		788919E32E0748CF00A71A0B /* Products */ = {
			isa = PBXGroup;
			children = (
				788919E22E0748CF00A71A0B /* TrainTime.app */,
			);
			name = Products;
			sourceTree = "<group>";
		};
		788919E42E0748CF00A71A0B /* TrainTime */ = {
			isa = PBXGroup;
			children = (
				788919E72E0748CF00A71A0B /* SceneDelegate.swift */,
				788919E92E0748CF00A71A0B /* HomeViewController.swift */,
				788919EE2E0748DD00A71A0B /* Assets.xcassets */,
				788919F02E0748DD00A71A0B /* LaunchScreen.storyboard */,
				788919F32E0748DD00A71A0B /* Info.plist */,
				788919F92E0749FA00A71A0B /* SimpleTimerViewController.swift */,
				788919E52E0748CF00A71A0B /* AppDelegate.swift */,
				781A2D702E0D9328009C3EEC /* NumberOfSetsViewController.swift */,
				781A2D722E0D9342009C3EEC /* SetDurationViewController.swift */,
				781A2D742E0D94D3009C3EEC /* PauseDurationViewController.swift */,
				781A2D762E0D9505009C3EEC /* SimpleSetPauseTimerViewController.swift */,
			);
			path = TrainTime;
			sourceTree = "<group>";
		};
/* End PBXGroup section */

/* Begin PBXNativeTarget section */
		788919E12E0748CF00A71A0B /* TrainTime */ = {
			isa = PBXNativeTarget;
			buildConfigurationList = 788919F62E0748DD00A71A0B /* Build configuration list for PBXNativeTarget "TrainTime" */;
			buildPhases = (
				788919DE2E0748CF00A71A0B /* Sources */,
				788919DF2E0748CF00A71A0B /* Frameworks */,
				788919E02E0748CF00A71A0B /* Resources */,
			);
			buildRules = (
			);
			dependencies = (
			);
			name = TrainTime;
			productName = TrainTime;
			productReference = 788919E22E0748CF00A71A0B /* TrainTime.app */;
			productType = "com.apple.product-type.application";
		};
/* End PBXNativeTarget section */

/* Begin PBXProject section */
		788919DA2E0748CE00A71A0B /* Project object */ = {
			isa = PBXProject;
			attributes = {
				BuildIndependentTargetsInParallel = 1;
				LastSwiftUpdateCheck = 1500;
				LastUpgradeCheck = 1500;
				TargetAttributes = {
					788919E12E0748CF00A71A0B = {
						CreatedOnToolsVersion = 15.0.1;
					};
				};
			};
			buildConfigurationList = 788919DD2E0748CE00A71A0B /* Build configuration list for PBXProject "TrainTime" */;
			compatibilityVersion = "Xcode 14.0";
			developmentRegion = en;
			hasScannedForEncodings = 0;
			knownRegions = (
				en,
				Base,
			);
			mainGroup = 788919D92E0748CE00A71A0B;
			productRefGroup = 788919E32E0748CF00A71A0B /* Products */;
			projectDirPath = "";
			projectRoot = "";
			targets = (
				788919E12E0748CF00A71A0B /* TrainTime */,
			);
		};
/* End PBXProject section */

/* Begin PBXResourcesBuildPhase section */
		788919E02E0748CF00A71A0B /* Resources */ = {
			isa = PBXResourcesBuildPhase;
			buildActionMask = 2147483647;
			files = (
				788919F22E0748DD00A71A0B /* LaunchScreen.storyboard in Resources */,
				788919EF2E0748DD00A71A0B /* Assets.xcassets in Resources */,
			);
			runOnlyForDeploymentPostprocessing = 0;
		};
/* End PBXResourcesBuildPhase section */

/* Begin PBXSourcesBuildPhase section */
		788919DE2E0748CF00A71A0B /* Sources */ = {
			isa = PBXSourcesBuildPhase;
			buildActionMask = 2147483647;
			files = (
				781A2D712E0D9328009C3EEC /* NumberOfSetsViewController.swift in Sources */,
				788919FA2E0749FA00A71A0B /* SimpleTimerViewController.swift in Sources */,
				788919EA2E0748CF00A71A0B /* HomeViewController.swift in Sources */,
				781A2D752E0D94D3009C3EEC /* PauseDurationViewController.swift in Sources */,
				781A2D732E0D9342009C3EEC /* SetDurationViewController.swift in Sources */,
				788919E62E0748CF00A71A0B /* AppDelegate.swift in Sources */,
				781A2D772E0D9505009C3EEC /* SimpleSetPauseTimerViewController.swift in Sources */,
				788919E82E0748CF00A71A0B /* SceneDelegate.swift in Sources */,
			);
			runOnlyForDeploymentPostprocessing = 0;
		};
/* End PBXSourcesBuildPhase section */

/* Begin PBXVariantGroup section */
		788919F02E0748DD00A71A0B /* LaunchScreen.storyboard */ = {
			isa = PBXVariantGroup;
			children = (
				788919F12E0748DD00A71A0B /* Base */,
			);
			name = LaunchScreen.storyboard;
			sourceTree = "<group>";
		};
/* End PBXVariantGroup section */

/* Begin XCBuildConfiguration section */
		788919F42E0748DD00A71A0B /* Debug */ = {
			isa = XCBuildConfiguration;
			buildSettings = {
				ALWAYS_SEARCH_USER_PATHS = NO;
				ASSETCATALOG_COMPILER_GENERATE_SWIFT_ASSET_SYMBOL_EXTENSIONS = YES;
				CLANG_ANALYZER_NONNULL = YES;
				CLANG_ANALYZER_NUMBER_OBJECT_CONVERSION = YES_AGGRESSIVE;
				CLANG_CXX_LANGUAGE_STANDARD = "gnu++20";
				CLANG_ENABLE_MODULES = YES;
				CLANG_ENABLE_OBJC_ARC = YES;
				CLANG_ENABLE_OBJC_WEAK = YES;
				CLANG_WARN_BLOCK_CAPTURE_AUTORELEASING = YES;
				CLANG_WARN_BOOL_CONVERSION = YES;
				CLANG_WARN_COMMA = YES;
				CLANG_WARN_CONSTANT_CONVERSION = YES;
				CLANG_WARN_DEPRECATED_OBJC_IMPLEMENTATIONS = YES;
				CLANG_WARN_DIRECT_OBJC_ISA_USAGE = YES_ERROR;
				CLANG_WARN_DOCUMENTATION_COMMENTS = YES;
				CLANG_WARN_EMPTY_BODY = YES;
				CLANG_WARN_ENUM_CONVERSION = YES;
				CLANG_WARN_INFINITE_RECURSION = YES;
				CLANG_WARN_INT_CONVERSION = YES;
				CLANG_WARN_NON_LITERAL_NULL_CONVERSION = YES;
				CLANG_WARN_OBJC_IMPLICIT_RETAIN_SELF = YES;
				CLANG_WARN_OBJC_LITERAL_CONVERSION = YES;
				CLANG_WARN_OBJC_ROOT_CLASS = YES_ERROR;
				CLANG_WARN_QUOTED_INCLUDE_IN_FRAMEWORK_HEADER = YES;
				CLANG_WARN_RANGE_LOOP_ANALYSIS = YES;
				CLANG_WARN_STRICT_PROTOTYPES = YES;
				CLANG_WARN_SUSPICIOUS_MOVE = YES;
				CLANG_WARN_UNGUARDED_AVAILABILITY = YES_AGGRESSIVE;
				CLANG_WARN_UNREACHABLE_CODE = YES;
				CLANG_WARN__DUPLICATE_METHOD_MATCH = YES;
				COPY_PHASE_STRIP = NO;
				DEBUG_INFORMATION_FORMAT = dwarf;
				ENABLE_STRICT_OBJC_MSGSEND = YES;
				ENABLE_TESTABILITY = YES;
				ENABLE_USER_SCRIPT_SANDBOXING = YES;
				GCC_C_LANGUAGE_STANDARD = gnu17;
				GCC_DYNAMIC_NO_PIC = NO;
				GCC_NO_COMMON_BLOCKS = YES;
				GCC_OPTIMIZATION_LEVEL = 0;
				GCC_PREPROCESSOR_DEFINITIONS = (
					"DEBUG=1",
					"$(inherited)",
				);
				GCC_WARN_64_TO_32_BIT_CONVERSION = YES;
				GCC_WARN_ABOUT_RETURN_TYPE = YES_ERROR;
				GCC_WARN_UNDECLARED_SELECTOR = YES;
				GCC_WARN_UNINITIALIZED_AUTOS = YES_AGGRESSIVE;
				GCC_WARN_UNUSED_FUNCTION = YES;
				GCC_WARN_UNUSED_VARIABLE = YES;
				IPHONEOS_DEPLOYMENT_TARGET = 17.0;
				LOCALIZATION_PREFERS_STRING_CATALOGS = YES;
				MTL_ENABLE_DEBUG_INFO = INCLUDE_SOURCE;
				MTL_FAST_MATH = YES;
				ONLY_ACTIVE_ARCH = YES;
				SDKROOT = iphoneos;
				SWIFT_ACTIVE_COMPILATION_CONDITIONS = "DEBUG $(inherited)";
				SWIFT_OPTIMIZATION_LEVEL = "-Onone";
			};
			name = Debug;
		};
		788919F52E0748DD00A71A0B /* Release */ = {
			isa = XCBuildConfiguration;
			buildSettings = {
				ALWAYS_SEARCH_USER_PATHS = NO;
				ASSETCATALOG_COMPILER_GENERATE_SWIFT_ASSET_SYMBOL_EXTENSIONS = YES;
				CLANG_ANALYZER_NONNULL = YES;
				CLANG_ANALYZER_NUMBER_OBJECT_CONVERSION = YES_AGGRESSIVE;
				CLANG_CXX_LANGUAGE_STANDARD = "gnu++20";
				CLANG_ENABLE_MODULES = YES;
				CLANG_ENABLE_OBJC_ARC = YES;
				CLANG_ENABLE_OBJC_WEAK = YES;
				CLANG_WARN_BLOCK_CAPTURE_AUTORELEASING = YES;
				CLANG_WARN_BOOL_CONVERSION = YES;
				CLANG_WARN_COMMA = YES;
				CLANG_WARN_CONSTANT_CONVERSION = YES;
				CLANG_WARN_DEPRECATED_OBJC_IMPLEMENTATIONS = YES;
				CLANG_WARN_DIRECT_OBJC_ISA_USAGE = YES_ERROR;
				CLANG_WARN_DOCUMENTATION_COMMENTS = YES;
				CLANG_WARN_EMPTY_BODY = YES;
				CLANG_WARN_ENUM_CONVERSION = YES;
				CLANG_WARN_INFINITE_RECURSION = YES;
				CLANG_WARN_INT_CONVERSION = YES;
				CLANG_WARN_NON_LITERAL_NULL_CONVERSION = YES;
				CLANG_WARN_OBJC_IMPLICIT_RETAIN_SELF = YES;
				CLANG_WARN_OBJC_LITERAL_CONVERSION = YES;
				CLANG_WARN_OBJC_ROOT_CLASS = YES_ERROR;
				CLANG_WARN_QUOTED_INCLUDE_IN_FRAMEWORK_HEADER = YES;
				CLANG_WARN_RANGE_LOOP_ANALYSIS = YES;
				CLANG_WARN_STRICT_PROTOTYPES = YES;
				CLANG_WARN_SUSPICIOUS_MOVE = YES;
				CLANG_WARN_UNGUARDED_AVAILABILITY = YES_AGGRESSIVE;
				CLANG_WARN_UNREACHABLE_CODE = YES;
				CLANG_WARN__DUPLICATE_METHOD_MATCH = YES;
				COPY_PHASE_STRIP = NO;
				DEBUG_INFORMATION_FORMAT = "dwarf-with-dsym";
				ENABLE_NS_ASSERTIONS = NO;
				ENABLE_STRICT_OBJC_MSGSEND = YES;
				ENABLE_USER_SCRIPT_SANDBOXING = YES;
				GCC_C_LANGUAGE_STANDARD = gnu17;
				GCC_NO_COMMON_BLOCKS = YES;
				GCC_WARN_64_TO_32_BIT_CONVERSION = YES;
				GCC_WARN_ABOUT_RETURN_TYPE = YES_ERROR;
				GCC_WARN_UNDECLARED_SELECTOR = YES;
				GCC_WARN_UNINITIALIZED_AUTOS = YES_AGGRESSIVE;
				GCC_WARN_UNUSED_FUNCTION = YES;
				GCC_WARN_UNUSED_VARIABLE = YES;
				IPHONEOS_DEPLOYMENT_TARGET = 17.0;
				LOCALIZATION_PREFERS_STRING_CATALOGS = YES;
				MTL_ENABLE_DEBUG_INFO = NO;
				MTL_FAST_MATH = YES;
				SDKROOT = iphoneos;
				SWIFT_COMPILATION_MODE = wholemodule;
				VALIDATE_PRODUCT = YES;
			};
			name = Release;
		};
		788919F72E0748DD00A71A0B /* Debug */ = {
			isa = XCBuildConfiguration;
			buildSettings = {
				ASSETCATALOG_COMPILER_APPICON_NAME = AppIcon;
				ASSETCATALOG_COMPILER_GLOBAL_ACCENT_COLOR_NAME = AccentColor;
				CODE_SIGN_STYLE = Automatic;
				CURRENT_PROJECT_VERSION = 1;
				GENERATE_INFOPLIST_FILE = YES;
				INFOPLIST_FILE = TrainTime/Info.plist;
				INFOPLIST_KEY_UIApplicationSupportsIndirectInputEvents = YES;
				INFOPLIST_KEY_UILaunchStoryboardName = LaunchScreen;
				INFOPLIST_KEY_UISupportedInterfaceOrientations_iPad = "UIInterfaceOrientationPortrait UIInterfaceOrientationPortraitUpsideDown UIInterfaceOrientationLandscapeLeft UIInterfaceOrientationLandscapeRight";
				INFOPLIST_KEY_UISupportedInterfaceOrientations_iPhone = "UIInterfaceOrientationPortrait UIInterfaceOrientationLandscapeLeft UIInterfaceOrientationLandscapeRight";
				LD_RUNPATH_SEARCH_PATHS = (
					"$(inherited)",
					"@executable_path/Frameworks",
				);
				MARKETING_VERSION = 1.0;
				PRODUCT_BUNDLE_IDENTIFIER = eldarkulic.TrainTime;
				PRODUCT_NAME = "$(TARGET_NAME)";
				SWIFT_EMIT_LOC_STRINGS = YES;
				SWIFT_VERSION = 5.0;
				TARGETED_DEVICE_FAMILY = "1,2";
			};
			name = Debug;
		};
		788919F82E0748DD00A71A0B /* Release */ = {
			isa = XCBuildConfiguration;
			buildSettings = {
				ASSETCATALOG_COMPILER_APPICON_NAME = AppIcon;
				ASSETCATALOG_COMPILER_GLOBAL_ACCENT_COLOR_NAME = AccentColor;
				CODE_SIGN_STYLE = Automatic;
				CURRENT_PROJECT_VERSION = 1;
				GENERATE_INFOPLIST_FILE = YES;
				INFOPLIST_FILE = TrainTime/Info.plist;
				INFOPLIST_KEY_UIApplicationSupportsIndirectInputEvents = YES;
				INFOPLIST_KEY_UILaunchStoryboardName = LaunchScreen;
				INFOPLIST_KEY_UISupportedInterfaceOrientations_iPad = "UIInterfaceOrientationPortrait UIInterfaceOrientationPortraitUpsideDown UIInterfaceOrientationLandscapeLeft UIInterfaceOrientationLandscapeRight";
				INFOPLIST_KEY_UISupportedInterfaceOrientations_iPhone = "UIInterfaceOrientationPortrait UIInterfaceOrientationLandscapeLeft UIInterfaceOrientationLandscapeRight";
				LD_RUNPATH_SEARCH_PATHS = (
					"$(inherited)",
					"@executable_path/Frameworks",
				);
				MARKETING_VERSION = 1.0;
				PRODUCT_BUNDLE_IDENTIFIER = eldarkulic.TrainTime;
				PRODUCT_NAME = "$(TARGET_NAME)";
				SWIFT_EMIT_LOC_STRINGS = YES;
				SWIFT_VERSION = 5.0;
				TARGETED_DEVICE_FAMILY = "1,2";
			};
			name = Release;
		};
/* End XCBuildConfiguration section */

/* Begin XCConfigurationList section */
		788919DD2E0748CE00A71A0B /* Build configuration list for PBXProject "TrainTime" */ = {
			isa = XCConfigurationList;
			buildConfigurations = (
				788919F42E0748DD00A71A0B /* Debug */,
				788919F52E0748DD00A71A0B /* Release */,
			);
			defaultConfigurationIsVisible = 0;
			defaultConfigurationName = Release;
		};
		788919F62E0748DD00A71A0B /* Build configuration list for PBXNativeTarget "TrainTime" */ = {
			isa = XCConfigurationList;
			buildConfigurations = (
				788919F72E0748DD00A71A0B /* Debug */,
				788919F82E0748DD00A71A0B /* Release */,
			);
			defaultConfigurationIsVisible = 0;
			defaultConfigurationName = Release;
		};
/* End XCConfigurationList section */
	};
	rootObject = 788919DA2E0748CE00A71A0B /* Project object */;
}
